
Microsoft Visual Studio Solution File, Format Version 12.00
# Visual Studio Version 17
VisualStudioVersion = 17.5.33516.290
MinimumVisualStudioVersion = 10.0.40219.1
Project("{FAE04EC0-301F-11D3-BF4B-00C04F79EFBC}") = "Programação_Paralela_Async_Awaits", "Programação_Paralela_Async_Awaits\Programação_Paralela_Async_Awaits.csproj", "{9B9C002F-BE99-47C8-92D5-9A16212A340E}"
EndProject
Global
	GlobalSection(SolutionConfigurationPlatforms) = preSolution
		Debug|Any CPU = Debug|Any CPU
		Release|Any CPU = Release|Any CPU
	EndGlobalSection
	GlobalSection(ProjectConfigurationPlatforms) = postSolution
		{9B9C002F-BE99-47C8-92D5-9A16212A340E}.Debug|Any CPU.ActiveCfg = Debug|Any CPU
		{9B9C002F-BE99-47C8-92D5-9A16212A340E}.Debug|Any CPU.Build.0 = Debug|Any CPU
		{9B9C002F-BE99-47C8-92D5-9A16212A340E}.Release|Any CPU.ActiveCfg = Release|Any CPU
		{9B9C002F-BE99-47C8-92D5-9A16212A340E}.Release|Any CPU.Build.0 = Release|Any CPU
	EndGlobalSection
	GlobalSection(SolutionProperties) = preSolution
		HideSolutionNode = FALSE
	EndGlobalSection
	GlobalSection(ExtensibilityGlobals) = postSolution
		SolutionGuid = {06C4D83E-A4E3-41D3-9733-221208F2F51B}
	EndGlobalSection
EndGlobal
